<Solution>
  <Project Path="Assembly-CSharp.csproj" />
  <Project Path="Assembly-CSharp-firstpass.csproj" />
  <Project Path="NavMeshComponents.csproj" />
  <Project Path="Assembly-CSharp-Editor.csproj" />
  <Project Path="MobileDependencyResolverLP.Installer.Editor.csproj" />
  <Project Path="NavMeshComponentsEditor.csproj" />
</Solution>
